
Microsoft Visual Studio Solution File, Format Version 12.00
# Visual Studio Version 17
VisualStudioVersion = 17.9.34607.119
MinimumVisualStudioVersion = 10.0.40219.1
Project("{9A19103F-16F7-4668-BE54-9A1E7A4F7556}") = "Calculus_Plus_Window", "Calculus_Plus_Window.csproj", "{8CC0B09A-F52A-4814-ABEC-7E2FD63E313A}"
EndProject
Global
	GlobalSection(SolutionConfigurationPlatforms) = preSolution
		Debug|Any CPU = Debug|Any CPU
		Release|Any CPU = Release|Any CPU
	EndGlobalSection
	GlobalSection(ProjectConfigurationPlatforms) = postSolution
		{8CC0B09A-F52A-4814-ABEC-7E2FD63E313A}.Debug|Any CPU.ActiveCfg = Debug|Any CPU
		{8CC0B09A-F52A-4814-ABEC-7E2FD63E313A}.Debug|Any CPU.Build.0 = Debug|Any CPU
		{8CC0B09A-F52A-4814-ABEC-7E2FD63E313A}.Release|Any CPU.ActiveCfg = Release|Any CPU
		{8CC0B09A-F52A-4814-ABEC-7E2FD63E313A}.Release|Any CPU.Build.0 = Release|Any CPU
	EndGlobalSection
	GlobalSection(SolutionProperties) = preSolution
		HideSolutionNode = FALSE
	EndGlobalSection
	GlobalSection(ExtensibilityGlobals) = postSolution
		SolutionGuid = {98D4C832-52A8-4B3F-9F72-FD4626613889}
	EndGlobalSection
EndGlobal
